Microsoft Visual Studio Solution File, Format Version 12.00
# Visual Studio Version 17
VisualStudioVersion = 17.4.33205.214
MinimumVisualStudioVersion = 10.0.40219.1
Project("{9A19103F-16F7-4668-BE54-9A1E7A4F7556}") = "DebugNpgsql", "DebugNpgsql.csproj", "{29611F16-E11B-4A19-BAB7-6955C6D820B4}"
EndProject
Global
	GlobalSection(SolutionConfigurationPlatforms) = preSolution
		Debug|Any CPU = Debug|Any CPU
		Release|Any CPU = Release|Any CPU
	EndGlobalSection
	GlobalSection(ProjectConfigurationPlatforms) = postSolution
		{29611F16-E11B-4A19-BAB7-6955C6D820B4}.Debug|Any CPU.ActiveCfg = Debug|Any CPU
		{29611F16-E11B-4A19-BAB7-6955C6D820B4}.Debug|Any CPU.Build.0 = Debug|Any CPU
		{29611F16-E11B-4A19-BAB7-6955C6D820B4}.Release|Any CPU.ActiveCfg = Release|Any CPU
		{29611F16-E11B-4A19-BAB7-6955C6D820B4}.Release|Any CPU.Build.0 = Release|Any CPU
	EndGlobalSection
	GlobalSection(SolutionProperties) = preSolution
		HideSolutionNode = FALSE
	EndGlobalSection
	GlobalSection(ExtensibilityGlobals) = postSolution
		SolutionGuid = {14D729C9-C5A8-4897-AD68-0F7931A3053C}
	EndGlobalSection
EndGlobal
